
Microsoft Visual Studio Solution File, Format Version 12.00
# Visual Studio Version 16
VisualStudioVersion = 16.0.30320.27
MinimumVisualStudioVersion = 10.0.40219.1
Project("{2150E333-8FDC-42A3-9474-1A3956D46DE8}") = "Microservices", "Microservices", "{BD930F39-7416-48F1-9B22-A6C7EC4D0521}"
EndProject
Project("{2150E333-8FDC-42A3-9474-1A3956D46DE8}") = "Domain", "Domain", "{296F0253-650B-4541-8A97-A57F602364AD}"
EndProject
Project("{2150E333-8FDC-42A3-9474-1A3956D46DE8}") = "Infra.Bus", "Infra.Bus", "{E5E8572D-204F-4291-A433-CC0A9E0A9F9C}"
EndProject
Project("{2150E333-8FDC-42A3-9474-1A3956D46DE8}") = "Infra.IoC", "Infra.IoC", "{994B7EAF-BFD5-4740-9DB3-08D2A96E83F6}"
EndProject
Project("{2150E333-8FDC-42A3-9474-1A3956D46DE8}") = "Presentation", "Presentation", "{8F8F35B9-9E87-46C2-AEC7-A1F08182A69A}"
EndProject
Project("{9A19103F-16F7-4668-BE54-9A1E7A4F7556}") = "MicroRabbit.Domain.Core", "MicroRabbit.Domain.Core\MicroRabbit.Domain.Core.csproj", "{B3552C8C-3EE1-4A75-8E40-611C4B54C0C4}"
EndProject
Project("{FAE04EC0-301F-11D3-BF4B-00C04F79EFBC}") = "MicroRabbit.Infra.Bus", "MicroRabbit.Infra.Bus\MicroRabbit.Infra.Bus.csproj", "{599552D8-3320-479B-834A-544F26E17611}"
EndProject
Global
	GlobalSection(SolutionConfigurationPlatforms) = preSolution
		Debug|Any CPU = Debug|Any CPU
		Release|Any CPU = Release|Any CPU
	EndGlobalSection
	GlobalSection(ProjectConfigurationPlatforms) = postSolution
		{B3552C8C-3EE1-4A75-8E40-611C4B54C0C4}.Debug|Any CPU.ActiveCfg = Debug|Any CPU
		{B3552C8C-3EE1-4A75-8E40-611C4B54C0C4}.Debug|Any CPU.Build.0 = Debug|Any CPU
		{B3552C8C-3EE1-4A75-8E40-611C4B54C0C4}.Release|Any CPU.ActiveCfg = Release|Any CPU
		{B3552C8C-3EE1-4A75-8E40-611C4B54C0C4}.Release|Any CPU.Build.0 = Release|Any CPU
		{599552D8-3320-479B-834A-544F26E17611}.Debug|Any CPU.ActiveCfg = Debug|Any CPU
		{599552D8-3320-479B-834A-544F26E17611}.Debug|Any CPU.Build.0 = Debug|Any CPU
		{599552D8-3320-479B-834A-544F26E17611}.Release|Any CPU.ActiveCfg = Release|Any CPU
		{599552D8-3320-479B-834A-544F26E17611}.Release|Any CPU.Build.0 = Release|Any CPU
	EndGlobalSection
	GlobalSection(SolutionProperties) = preSolution
		HideSolutionNode = FALSE
	EndGlobalSection
	GlobalSection(NestedProjects) = preSolution
		{B3552C8C-3EE1-4A75-8E40-611C4B54C0C4} = {296F0253-650B-4541-8A97-A57F602364AD}
		{599552D8-3320-479B-834A-544F26E17611} = {E5E8572D-204F-4291-A433-CC0A9E0A9F9C}
	EndGlobalSection
	GlobalSection(ExtensibilityGlobals) = postSolution
		SolutionGuid = {4C10518F-9441-43C9-B951-BCA99B9025A3}
	EndGlobalSection
EndGlobal
